
Microsoft Visual Studio Solution File, Format Version 12.00
# Visual Studio 15
VisualStudioVersion = 15.0.27703.2026
MinimumVisualStudioVersion = 10.0.40219.1
Project("{FAE04EC0-301F-11D3-BF4B-00C04F79EFBC}") = "TopShelfService", "TopShelfService\TopShelfService.csproj", "{2E9DF07B-59E2-463F-98B4-8B5BE2084C43}"
EndProject
Global
	GlobalSection(SolutionConfigurationPlatforms) = preSolution
		Debug|Any CPU = Debug|Any CPU
		Release|Any CPU = Release|Any CPU
	EndGlobalSection
	GlobalSection(ProjectConfigurationPlatforms) = postSolution
		{2E9DF07B-59E2-463F-98B4-8B5BE2084C43}.Debug|Any CPU.ActiveCfg = Debug|Any CPU
		{2E9DF07B-59E2-463F-98B4-8B5BE2084C43}.Debug|Any CPU.Build.0 = Debug|Any CPU
		{2E9DF07B-59E2-463F-98B4-8B5BE2084C43}.Release|Any CPU.ActiveCfg = Release|Any CPU
		{2E9DF07B-59E2-463F-98B4-8B5BE2084C43}.Release|Any CPU.Build.0 = Release|Any CPU
	EndGlobalSection
	GlobalSection(SolutionProperties) = preSolution
		HideSolutionNode = FALSE
	EndGlobalSection
	GlobalSection(ExtensibilityGlobals) = postSolution
		SolutionGuid = {F0B7EA86-9D3C-4F97-81A0-94E341B770DF}
	EndGlobalSection
EndGlobal
